
Microsoft Visual Studio Solution File, Format Version 12.00
# Visual Studio Version 17
VisualStudioVersion = 17.11.35222.181
MinimumVisualStudioVersion = 10.0.40219.1
Project("{9A19103F-16F7-4668-BE54-9A1E7A4F7556}") = "Task_1", "Task_1\Task_1.csproj", "{87CF45B7-BE73-4FB1-8540-44F2A0FB5102}"
EndProject
Project("{9A19103F-16F7-4668-BE54-9A1E7A4F7556}") = "Task_2", "Task_2\Task_2.csproj", "{CE1C4EB7-0563-41B2-83BA-1E08EE26B5A6}"
EndProject
Project("{9A19103F-16F7-4668-BE54-9A1E7A4F7556}") = "Task_3", "Task_3\Task_3.csproj", "{F019E471-A912-4693-B51B-80513FBBB2B7}"
EndProject
Project("{9A19103F-16F7-4668-BE54-9A1E7A4F7556}") = "Task_4", "Task_4\Task_4.csproj", "{86168376-2AEC-4248-BEA3-02358ABF8361}"
EndProject
Project("{FAE04EC0-301F-11D3-BF4B-00C04F79EFBC}") = "Task_5", "Task_5\Task_5.csproj", "{36FB04C4-E8B4-48CB-9DD4-226BA113F28F}"
EndProject
Global
	GlobalSection(SolutionConfigurationPlatforms) = preSolution
		Debug|Any CPU = Debug|Any CPU
		Release|Any CPU = Release|Any CPU
	EndGlobalSection
	GlobalSection(ProjectConfigurationPlatforms) = postSolution
		{87CF45B7-BE73-4FB1-8540-44F2A0FB5102}.Debug|Any CPU.ActiveCfg = Debug|Any CPU
		{87CF45B7-BE73-4FB1-8540-44F2A0FB5102}.Debug|Any CPU.Build.0 = Debug|Any CPU
		{87CF45B7-BE73-4FB1-8540-44F2A0FB5102}.Release|Any CPU.ActiveCfg = Release|Any CPU
		{87CF45B7-BE73-4FB1-8540-44F2A0FB5102}.Release|Any CPU.Build.0 = Release|Any CPU
		{CE1C4EB7-0563-41B2-83BA-1E08EE26B5A6}.Debug|Any CPU.ActiveCfg = Debug|Any CPU
		{CE1C4EB7-0563-41B2-83BA-1E08EE26B5A6}.Debug|Any CPU.Build.0 = Debug|Any CPU
		{CE1C4EB7-0563-41B2-83BA-1E08EE26B5A6}.Release|Any CPU.ActiveCfg = Release|Any CPU
		{CE1C4EB7-0563-41B2-83BA-1E08EE26B5A6}.Release|Any CPU.Build.0 = Release|Any CPU
		{F019E471-A912-4693-B51B-80513FBBB2B7}.Debug|Any CPU.ActiveCfg = Debug|Any CPU
		{F019E471-A912-4693-B51B-80513FBBB2B7}.Debug|Any CPU.Build.0 = Debug|Any CPU
		{F019E471-A912-4693-B51B-80513FBBB2B7}.Release|Any CPU.ActiveCfg = Release|Any CPU
		{F019E471-A912-4693-B51B-80513FBBB2B7}.Release|Any CPU.Build.0 = Release|Any CPU
		{86168376-2AEC-4248-BEA3-02358ABF8361}.Debug|Any CPU.ActiveCfg = Debug|Any CPU
		{86168376-2AEC-4248-BEA3-02358ABF8361}.Debug|Any CPU.Build.0 = Debug|Any CPU
		{86168376-2AEC-4248-BEA3-02358ABF8361}.Release|Any CPU.ActiveCfg = Release|Any CPU
		{86168376-2AEC-4248-BEA3-02358ABF8361}.Release|Any CPU.Build.0 = Release|Any CPU
		{36FB04C4-E8B4-48CB-9DD4-226BA113F28F}.Debug|Any CPU.ActiveCfg = Debug|Any CPU
		{36FB04C4-E8B4-48CB-9DD4-226BA113F28F}.Debug|Any CPU.Build.0 = Debug|Any CPU
		{36FB04C4-E8B4-48CB-9DD4-226BA113F28F}.Release|Any CPU.ActiveCfg = Release|Any CPU
		{36FB04C4-E8B4-48CB-9DD4-226BA113F28F}.Release|Any CPU.Build.0 = Release|Any CPU
	EndGlobalSection
	GlobalSection(SolutionProperties) = preSolution
		HideSolutionNode = FALSE
	EndGlobalSection
	GlobalSection(ExtensibilityGlobals) = postSolution
		SolutionGuid = {F91859A4-D22A-4ACF-BED3-ED189D0F1929}
	EndGlobalSection
EndGlobal
