
Microsoft Visual Studio Solution File, Format Version 12.00
# Visual Studio Version 17
VisualStudioVersion = 17.11.35222.181
MinimumVisualStudioVersion = 10.0.40219.1
Project("{9A19103F-16F7-4668-BE54-9A1E7A4F7556}") = "Task_1", "Task_1\Task_1.csproj", "{1E620EF2-AF05-4C87-A487-CEBBD4DB2363}"
EndProject
Project("{9A19103F-16F7-4668-BE54-9A1E7A4F7556}") = "Task_2", "Task_2\Task_2.csproj", "{70632B77-9045-462E-A3AA-0A02EEC4A0BB}"
EndProject
Project("{9A19103F-16F7-4668-BE54-9A1E7A4F7556}") = "Task_3", "Task_3\Task_3.csproj", "{1EDB965F-7A17-418A-8695-96BE891A486D}"
EndProject
Global
	GlobalSection(SolutionConfigurationPlatforms) = preSolution
		Debug|Any CPU = Debug|Any CPU
		Release|Any CPU = Release|Any CPU
	EndGlobalSection
	GlobalSection(ProjectConfigurationPlatforms) = postSolution
		{1E620EF2-AF05-4C87-A487-CEBBD4DB2363}.Debug|Any CPU.ActiveCfg = Debug|Any CPU
		{1E620EF2-AF05-4C87-A487-CEBBD4DB2363}.Debug|Any CPU.Build.0 = Debug|Any CPU
		{1E620EF2-AF05-4C87-A487-CEBBD4DB2363}.Release|Any CPU.ActiveCfg = Release|Any CPU
		{1E620EF2-AF05-4C87-A487-CEBBD4DB2363}.Release|Any CPU.Build.0 = Release|Any CPU
		{70632B77-9045-462E-A3AA-0A02EEC4A0BB}.Debug|Any CPU.ActiveCfg = Debug|Any CPU
		{70632B77-9045-462E-A3AA-0A02EEC4A0BB}.Debug|Any CPU.Build.0 = Debug|Any CPU
		{70632B77-9045-462E-A3AA-0A02EEC4A0BB}.Release|Any CPU.ActiveCfg = Release|Any CPU
		{70632B77-9045-462E-A3AA-0A02EEC4A0BB}.Release|Any CPU.Build.0 = Release|Any CPU
		{1EDB965F-7A17-418A-8695-96BE891A486D}.Debug|Any CPU.ActiveCfg = Debug|Any CPU
		{1EDB965F-7A17-418A-8695-96BE891A486D}.Debug|Any CPU.Build.0 = Debug|Any CPU
		{1EDB965F-7A17-418A-8695-96BE891A486D}.Release|Any CPU.ActiveCfg = Release|Any CPU
		{1EDB965F-7A17-418A-8695-96BE891A486D}.Release|Any CPU.Build.0 = Release|Any CPU
	EndGlobalSection
	GlobalSection(SolutionProperties) = preSolution
		HideSolutionNode = FALSE
	EndGlobalSection
	GlobalSection(ExtensibilityGlobals) = postSolution
		SolutionGuid = {C9F17177-5BDB-4B75-9A90-9620A0D86101}
	EndGlobalSection
EndGlobal
