
Microsoft Visual Studio Solution File, Format Version 12.00
# Visual Studio Version 17
VisualStudioVersion = 17.11.35222.181
MinimumVisualStudioVersion = 10.0.40219.1
Project("{9A19103F-16F7-4668-BE54-9A1E7A4F7556}") = "Task_1", "Task_1\Task_1.csproj", "{567D3DA6-492F-4A20-B2D0-4A60C49998FB}"
EndProject
Project("{9A19103F-16F7-4668-BE54-9A1E7A4F7556}") = "Task_2", "Task_2\Task_2.csproj", "{668F26FC-06A6-48C0-AF94-8530D2F7EA6F}"
EndProject
Project("{9A19103F-16F7-4668-BE54-9A1E7A4F7556}") = "Task_3", "Task_3\Task_3.csproj", "{8BD5FAE5-A803-40F7-A847-17A1F072ED60}"
EndProject
Project("{9A19103F-16F7-4668-BE54-9A1E7A4F7556}") = "Task_4", "Task_4\Task_4.csproj", "{D7A0896F-DE2C-4710-8FAB-5B8AC863329A}"
EndProject
Project("{9A19103F-16F7-4668-BE54-9A1E7A4F7556}") = "Task_5", "Task_5\Task_5.csproj", "{6C274030-2E83-4F73-9585-164AB74FEA3B}"
EndProject
Project("{9A19103F-16F7-4668-BE54-9A1E7A4F7556}") = "Task_6", "Task_6\Task_6.csproj", "{4DC15E26-5FE6-4B45-85CF-4F49C627A332}"
EndProject
Project("{9A19103F-16F7-4668-BE54-9A1E7A4F7556}") = "Task_7", "Task_7\Task_7.csproj", "{2522FDF5-42E3-4B12-BC25-E71411A8B4D2}"
EndProject
Project("{9A19103F-16F7-4668-BE54-9A1E7A4F7556}") = "Task_8", "Task_8\Task_8.csproj", "{8B309363-0578-4BCC-865D-2698A916AD23}"
EndProject
Project("{9A19103F-16F7-4668-BE54-9A1E7A4F7556}") = "Task_9", "Task_9\Task_9.csproj", "{82896CC1-B22D-4215-86D0-47A7E699BA74}"
EndProject
Project("{9A19103F-16F7-4668-BE54-9A1E7A4F7556}") = "Task_10", "Task_10\Task_10.csproj", "{4A1B05A3-26CF-44AA-AD71-FFD0F8D3FB10}"
EndProject
Project("{9A19103F-16F7-4668-BE54-9A1E7A4F7556}") = "Task_11", "Task_11\Task_11.csproj", "{241B7BD2-8636-4F44-BEA5-CBDF8B9899EC}"
EndProject
Project("{9A19103F-16F7-4668-BE54-9A1E7A4F7556}") = "Task_12", "Task_12\Task_12.csproj", "{B6F1A28B-9FE6-4F94-8C26-DEF8153B8E55}"
EndProject
Project("{FAE04EC0-301F-11D3-BF4B-00C04F79EFBC}") = "Task_13", "Task_13\Task_13.csproj", "{FCFE1F62-09EF-4385-AD85-F127029B503B}"
EndProject
Project("{FAE04EC0-301F-11D3-BF4B-00C04F79EFBC}") = "Task_14", "Task_14\Task_14.csproj", "{A412E6E9-71AE-4C32-A0C2-13D3A25B4E7F}"
EndProject
Project("{FAE04EC0-301F-11D3-BF4B-00C04F79EFBC}") = "Task_15", "Task_15\Task_15.csproj", "{59F8ACDC-753A-4000-9529-B570BF7984FC}"
EndProject
Project("{FAE04EC0-301F-11D3-BF4B-00C04F79EFBC}") = "Task_16", "Task_16\Task_16.csproj", "{869C2092-A3FE-4941-A931-1C492BFC3277}"
EndProject
Global
	GlobalSection(SolutionConfigurationPlatforms) = preSolution
		Debug|Any CPU = Debug|Any CPU
		Release|Any CPU = Release|Any CPU
	EndGlobalSection
	GlobalSection(ProjectConfigurationPlatforms) = postSolution
		{567D3DA6-492F-4A20-B2D0-4A60C49998FB}.Debug|Any CPU.ActiveCfg = Debug|Any CPU
		{567D3DA6-492F-4A20-B2D0-4A60C49998FB}.Debug|Any CPU.Build.0 = Debug|Any CPU
		{567D3DA6-492F-4A20-B2D0-4A60C49998FB}.Release|Any CPU.ActiveCfg = Release|Any CPU
		{567D3DA6-492F-4A20-B2D0-4A60C49998FB}.Release|Any CPU.Build.0 = Release|Any CPU
		{668F26FC-06A6-48C0-AF94-8530D2F7EA6F}.Debug|Any CPU.ActiveCfg = Debug|Any CPU
		{668F26FC-06A6-48C0-AF94-8530D2F7EA6F}.Debug|Any CPU.Build.0 = Debug|Any CPU
		{668F26FC-06A6-48C0-AF94-8530D2F7EA6F}.Release|Any CPU.ActiveCfg = Release|Any CPU
		{668F26FC-06A6-48C0-AF94-8530D2F7EA6F}.Release|Any CPU.Build.0 = Release|Any CPU
		{8BD5FAE5-A803-40F7-A847-17A1F072ED60}.Debug|Any CPU.ActiveCfg = Debug|Any CPU
		{8BD5FAE5-A803-40F7-A847-17A1F072ED60}.Debug|Any CPU.Build.0 = Debug|Any CPU
		{8BD5FAE5-A803-40F7-A847-17A1F072ED60}.Release|Any CPU.ActiveCfg = Release|Any CPU
		{8BD5FAE5-A803-40F7-A847-17A1F072ED60}.Release|Any CPU.Build.0 = Release|Any CPU
		{D7A0896F-DE2C-4710-8FAB-5B8AC863329A}.Debug|Any CPU.ActiveCfg = Debug|Any CPU
		{D7A0896F-DE2C-4710-8FAB-5B8AC863329A}.Debug|Any CPU.Build.0 = Debug|Any CPU
		{D7A0896F-DE2C-4710-8FAB-5B8AC863329A}.Release|Any CPU.ActiveCfg = Release|Any CPU
		{D7A0896F-DE2C-4710-8FAB-5B8AC863329A}.Release|Any CPU.Build.0 = Release|Any CPU
		{6C274030-2E83-4F73-9585-164AB74FEA3B}.Debug|Any CPU.ActiveCfg = Debug|Any CPU
		{6C274030-2E83-4F73-9585-164AB74FEA3B}.Debug|Any CPU.Build.0 = Debug|Any CPU
		{6C274030-2E83-4F73-9585-164AB74FEA3B}.Release|Any CPU.ActiveCfg = Release|Any CPU
		{6C274030-2E83-4F73-9585-164AB74FEA3B}.Release|Any CPU.Build.0 = Release|Any CPU
		{4DC15E26-5FE6-4B45-85CF-4F49C627A332}.Debug|Any CPU.ActiveCfg = Debug|Any CPU
		{4DC15E26-5FE6-4B45-85CF-4F49C627A332}.Debug|Any CPU.Build.0 = Debug|Any CPU
		{4DC15E26-5FE6-4B45-85CF-4F49C627A332}.Release|Any CPU.ActiveCfg = Release|Any CPU
		{4DC15E26-5FE6-4B45-85CF-4F49C627A332}.Release|Any CPU.Build.0 = Release|Any CPU
		{2522FDF5-42E3-4B12-BC25-E71411A8B4D2}.Debug|Any CPU.ActiveCfg = Debug|Any CPU
		{2522FDF5-42E3-4B12-BC25-E71411A8B4D2}.Debug|Any CPU.Build.0 = Debug|Any CPU
		{2522FDF5-42E3-4B12-BC25-E71411A8B4D2}.Release|Any CPU.ActiveCfg = Release|Any CPU
		{2522FDF5-42E3-4B12-BC25-E71411A8B4D2}.Release|Any CPU.Build.0 = Release|Any CPU
		{8B309363-0578-4BCC-865D-2698A916AD23}.Debug|Any CPU.ActiveCfg = Debug|Any CPU
		{8B309363-0578-4BCC-865D-2698A916AD23}.Debug|Any CPU.Build.0 = Debug|Any CPU
		{8B309363-0578-4BCC-865D-2698A916AD23}.Release|Any CPU.ActiveCfg = Release|Any CPU
		{8B309363-0578-4BCC-865D-2698A916AD23}.Release|Any CPU.Build.0 = Release|Any CPU
		{82896CC1-B22D-4215-86D0-47A7E699BA74}.Debug|Any CPU.ActiveCfg = Debug|Any CPU
		{82896CC1-B22D-4215-86D0-47A7E699BA74}.Debug|Any CPU.Build.0 = Debug|Any CPU
		{82896CC1-B22D-4215-86D0-47A7E699BA74}.Release|Any CPU.ActiveCfg = Release|Any CPU
		{82896CC1-B22D-4215-86D0-47A7E699BA74}.Release|Any CPU.Build.0 = Release|Any CPU
		{4A1B05A3-26CF-44AA-AD71-FFD0F8D3FB10}.Debug|Any CPU.ActiveCfg = Debug|Any CPU
		{4A1B05A3-26CF-44AA-AD71-FFD0F8D3FB10}.Debug|Any CPU.Build.0 = Debug|Any CPU
		{4A1B05A3-26CF-44AA-AD71-FFD0F8D3FB10}.Release|Any CPU.ActiveCfg = Release|Any CPU
		{4A1B05A3-26CF-44AA-AD71-FFD0F8D3FB10}.Release|Any CPU.Build.0 = Release|Any CPU
		{241B7BD2-8636-4F44-BEA5-CBDF8B9899EC}.Debug|Any CPU.ActiveCfg = Debug|Any CPU
		{241B7BD2-8636-4F44-BEA5-CBDF8B9899EC}.Debug|Any CPU.Build.0 = Debug|Any CPU
		{241B7BD2-8636-4F44-BEA5-CBDF8B9899EC}.Release|Any CPU.ActiveCfg = Release|Any CPU
		{241B7BD2-8636-4F44-BEA5-CBDF8B9899EC}.Release|Any CPU.Build.0 = Release|Any CPU
		{B6F1A28B-9FE6-4F94-8C26-DEF8153B8E55}.Debug|Any CPU.ActiveCfg = Debug|Any CPU
		{B6F1A28B-9FE6-4F94-8C26-DEF8153B8E55}.Debug|Any CPU.Build.0 = Debug|Any CPU
		{B6F1A28B-9FE6-4F94-8C26-DEF8153B8E55}.Release|Any CPU.ActiveCfg = Release|Any CPU
		{B6F1A28B-9FE6-4F94-8C26-DEF8153B8E55}.Release|Any CPU.Build.0 = Release|Any CPU
		{FCFE1F62-09EF-4385-AD85-F127029B503B}.Debug|Any CPU.ActiveCfg = Debug|Any CPU
		{FCFE1F62-09EF-4385-AD85-F127029B503B}.Debug|Any CPU.Build.0 = Debug|Any CPU
		{FCFE1F62-09EF-4385-AD85-F127029B503B}.Release|Any CPU.ActiveCfg = Release|Any CPU
		{FCFE1F62-09EF-4385-AD85-F127029B503B}.Release|Any CPU.Build.0 = Release|Any CPU
		{A412E6E9-71AE-4C32-A0C2-13D3A25B4E7F}.Debug|Any CPU.ActiveCfg = Debug|Any CPU
		{A412E6E9-71AE-4C32-A0C2-13D3A25B4E7F}.Debug|Any CPU.Build.0 = Debug|Any CPU
		{A412E6E9-71AE-4C32-A0C2-13D3A25B4E7F}.Release|Any CPU.ActiveCfg = Release|Any CPU
		{A412E6E9-71AE-4C32-A0C2-13D3A25B4E7F}.Release|Any CPU.Build.0 = Release|Any CPU
		{59F8ACDC-753A-4000-9529-B570BF7984FC}.Debug|Any CPU.ActiveCfg = Debug|Any CPU
		{59F8ACDC-753A-4000-9529-B570BF7984FC}.Debug|Any CPU.Build.0 = Debug|Any CPU
		{59F8ACDC-753A-4000-9529-B570BF7984FC}.Release|Any CPU.ActiveCfg = Release|Any CPU
		{59F8ACDC-753A-4000-9529-B570BF7984FC}.Release|Any CPU.Build.0 = Release|Any CPU
		{869C2092-A3FE-4941-A931-1C492BFC3277}.Debug|Any CPU.ActiveCfg = Debug|Any CPU
		{869C2092-A3FE-4941-A931-1C492BFC3277}.Debug|Any CPU.Build.0 = Debug|Any CPU
		{869C2092-A3FE-4941-A931-1C492BFC3277}.Release|Any CPU.ActiveCfg = Release|Any CPU
		{869C2092-A3FE-4941-A931-1C492BFC3277}.Release|Any CPU.Build.0 = Release|Any CPU
	EndGlobalSection
	GlobalSection(SolutionProperties) = preSolution
		HideSolutionNode = FALSE
	EndGlobalSection
	GlobalSection(ExtensibilityGlobals) = postSolution
		SolutionGuid = {F19ACC77-C24C-44D3-B3C9-A09A2431F17E}
	EndGlobalSection
EndGlobal
