
Microsoft Visual Studio Solution File, Format Version 12.00
# Visual Studio Version 17
VisualStudioVersion = 17.11.35222.181
MinimumVisualStudioVersion = 10.0.40219.1
Project("{9A19103F-16F7-4668-BE54-9A1E7A4F7556}") = "Task_1", "Task_1\Task_1.csproj", "{EDB62179-E9C5-4C73-91AD-834EE7F389AB}"
EndProject
Project("{9A19103F-16F7-4668-BE54-9A1E7A4F7556}") = "Task_2", "Task_2\Task_2.csproj", "{BCCA6F90-99FE-4330-A5E3-2DBEE5F05BEA}"
EndProject
Project("{FAE04EC0-301F-11D3-BF4B-00C04F79EFBC}") = "Task_2_2", "Task_2_2\Task_2_2.csproj", "{FFCEACE4-D005-48E6-A841-5769BD5C7FDE}"
EndProject
Project("{FAE04EC0-301F-11D3-BF4B-00C04F79EFBC}") = "Task_3", "Task_3\Task_3.csproj", "{A60D449D-4611-4C9D-89C8-545E1C25200F}"
EndProject
Project("{FAE04EC0-301F-11D3-BF4B-00C04F79EFBC}") = "Task_4", "Task_4\Task_4.csproj", "{BCD8F845-0E47-4BA2-9187-C7354EB8D6A3}"
EndProject
Project("{FAE04EC0-301F-11D3-BF4B-00C04F79EFBC}") = "Task_5", "Task_5\Task_5.csproj", "{0C48EF43-81DB-4B6F-BC70-67C08D37109C}"
EndProject
Global
	GlobalSection(SolutionConfigurationPlatforms) = preSolution
		Debug|Any CPU = Debug|Any CPU
		Release|Any CPU = Release|Any CPU
	EndGlobalSection
	GlobalSection(ProjectConfigurationPlatforms) = postSolution
		{EDB62179-E9C5-4C73-91AD-834EE7F389AB}.Debug|Any CPU.ActiveCfg = Debug|Any CPU
		{EDB62179-E9C5-4C73-91AD-834EE7F389AB}.Debug|Any CPU.Build.0 = Debug|Any CPU
		{EDB62179-E9C5-4C73-91AD-834EE7F389AB}.Release|Any CPU.ActiveCfg = Release|Any CPU
		{EDB62179-E9C5-4C73-91AD-834EE7F389AB}.Release|Any CPU.Build.0 = Release|Any CPU
		{BCCA6F90-99FE-4330-A5E3-2DBEE5F05BEA}.Debug|Any CPU.ActiveCfg = Debug|Any CPU
		{BCCA6F90-99FE-4330-A5E3-2DBEE5F05BEA}.Debug|Any CPU.Build.0 = Debug|Any CPU
		{BCCA6F90-99FE-4330-A5E3-2DBEE5F05BEA}.Release|Any CPU.ActiveCfg = Release|Any CPU
		{BCCA6F90-99FE-4330-A5E3-2DBEE5F05BEA}.Release|Any CPU.Build.0 = Release|Any CPU
		{FFCEACE4-D005-48E6-A841-5769BD5C7FDE}.Debug|Any CPU.ActiveCfg = Debug|Any CPU
		{FFCEACE4-D005-48E6-A841-5769BD5C7FDE}.Debug|Any CPU.Build.0 = Debug|Any CPU
		{FFCEACE4-D005-48E6-A841-5769BD5C7FDE}.Release|Any CPU.ActiveCfg = Release|Any CPU
		{FFCEACE4-D005-48E6-A841-5769BD5C7FDE}.Release|Any CPU.Build.0 = Release|Any CPU
		{A60D449D-4611-4C9D-89C8-545E1C25200F}.Debug|Any CPU.ActiveCfg = Debug|Any CPU
		{A60D449D-4611-4C9D-89C8-545E1C25200F}.Debug|Any CPU.Build.0 = Debug|Any CPU
		{A60D449D-4611-4C9D-89C8-545E1C25200F}.Release|Any CPU.ActiveCfg = Release|Any CPU
		{A60D449D-4611-4C9D-89C8-545E1C25200F}.Release|Any CPU.Build.0 = Release|Any CPU
		{BCD8F845-0E47-4BA2-9187-C7354EB8D6A3}.Debug|Any CPU.ActiveCfg = Debug|Any CPU
		{BCD8F845-0E47-4BA2-9187-C7354EB8D6A3}.Debug|Any CPU.Build.0 = Debug|Any CPU
		{BCD8F845-0E47-4BA2-9187-C7354EB8D6A3}.Release|Any CPU.ActiveCfg = Release|Any CPU
		{BCD8F845-0E47-4BA2-9187-C7354EB8D6A3}.Release|Any CPU.Build.0 = Release|Any CPU
		{0C48EF43-81DB-4B6F-BC70-67C08D37109C}.Debug|Any CPU.ActiveCfg = Debug|Any CPU
		{0C48EF43-81DB-4B6F-BC70-67C08D37109C}.Debug|Any CPU.Build.0 = Debug|Any CPU
		{0C48EF43-81DB-4B6F-BC70-67C08D37109C}.Release|Any CPU.ActiveCfg = Release|Any CPU
		{0C48EF43-81DB-4B6F-BC70-67C08D37109C}.Release|Any CPU.Build.0 = Release|Any CPU
	EndGlobalSection
	GlobalSection(SolutionProperties) = preSolution
		HideSolutionNode = FALSE
	EndGlobalSection
	GlobalSection(ExtensibilityGlobals) = postSolution
		SolutionGuid = {B113FA52-9838-4598-A3F3-8FB62A932A86}
	EndGlobalSection
EndGlobal
